
Microsoft Visual Studio Solution File, Format Version 12.00
Project("{FAE04EC0-301F-11D3-BF4B-00C04F79EFBC}") = "Task_1", "Task_1\Task_1.csproj", "{C1E7C97C-AAFB-43CA-866C-FD8CB82BD21C}"
EndProject
Project("{FAE04EC0-301F-11D3-BF4B-00C04F79EFBC}") = "Task_2", "Task_2\Task_2.csproj", "{80FC94A0-994F-4563-89F9-ADE6193DB496}"
EndProject
Global
	GlobalSection(SolutionConfigurationPlatforms) = preSolution
		Debug|Any CPU = Debug|Any CPU
		Release|Any CPU = Release|Any CPU
	EndGlobalSection
	GlobalSection(ProjectConfigurationPlatforms) = postSolution
		{C1E7C97C-AAFB-43CA-866C-FD8CB82BD21C}.Debug|Any CPU.ActiveCfg = Debug|Any CPU
		{C1E7C97C-AAFB-43CA-866C-FD8CB82BD21C}.Debug|Any CPU.Build.0 = Debug|Any CPU
		{C1E7C97C-AAFB-43CA-866C-FD8CB82BD21C}.Release|Any CPU.ActiveCfg = Release|Any CPU
		{C1E7C97C-AAFB-43CA-866C-FD8CB82BD21C}.Release|Any CPU.Build.0 = Release|Any CPU
		{80FC94A0-994F-4563-89F9-ADE6193DB496}.Debug|Any CPU.ActiveCfg = Debug|Any CPU
		{80FC94A0-994F-4563-89F9-ADE6193DB496}.Debug|Any CPU.Build.0 = Debug|Any CPU
		{80FC94A0-994F-4563-89F9-ADE6193DB496}.Release|Any CPU.ActiveCfg = Release|Any CPU
		{80FC94A0-994F-4563-89F9-ADE6193DB496}.Release|Any CPU.Build.0 = Release|Any CPU
	EndGlobalSection
EndGlobal
