
Microsoft Visual Studio Solution File, Format Version 12.00
# Visual Studio Version 16
VisualStudioVersion = 16.0.810.20
MinimumVisualStudioVersion = 10.0.40219.1
Project("{FAE04EC0-301F-11D3-BF4B-00C04F79EFBC}") = "Task_1", "Task_1\Task_1.csproj", "{13B65153-C78A-41F1-A094-8545F3C8DB79}"
EndProject
Project("{FAE04EC0-301F-11D3-BF4B-00C04F79EFBC}") = "Task_2", "Task_2\Task_2.csproj", "{095BF5AC-286E-4195-B6D3-34A75AF3D9D9}"
EndProject
Project("{FAE04EC0-301F-11D3-BF4B-00C04F79EFBC}") = "Task_3", "Task_3\Task_3.csproj", "{0788E30E-7CC1-4103-B5EB-05055EBA7630}"
EndProject
Global
	GlobalSection(SolutionConfigurationPlatforms) = preSolution
		Debug|Any CPU = Debug|Any CPU
		Release|Any CPU = Release|Any CPU
	EndGlobalSection
	GlobalSection(ProjectConfigurationPlatforms) = postSolution
		{13B65153-C78A-41F1-A094-8545F3C8DB79}.Debug|Any CPU.ActiveCfg = Debug|Any CPU
		{13B65153-C78A-41F1-A094-8545F3C8DB79}.Debug|Any CPU.Build.0 = Debug|Any CPU
		{13B65153-C78A-41F1-A094-8545F3C8DB79}.Release|Any CPU.ActiveCfg = Release|Any CPU
		{13B65153-C78A-41F1-A094-8545F3C8DB79}.Release|Any CPU.Build.0 = Release|Any CPU
		{095BF5AC-286E-4195-B6D3-34A75AF3D9D9}.Debug|Any CPU.ActiveCfg = Debug|Any CPU
		{095BF5AC-286E-4195-B6D3-34A75AF3D9D9}.Debug|Any CPU.Build.0 = Debug|Any CPU
		{095BF5AC-286E-4195-B6D3-34A75AF3D9D9}.Release|Any CPU.ActiveCfg = Release|Any CPU
		{095BF5AC-286E-4195-B6D3-34A75AF3D9D9}.Release|Any CPU.Build.0 = Release|Any CPU
		{0788E30E-7CC1-4103-B5EB-05055EBA7630}.Debug|Any CPU.ActiveCfg = Debug|Any CPU
		{0788E30E-7CC1-4103-B5EB-05055EBA7630}.Debug|Any CPU.Build.0 = Debug|Any CPU
		{0788E30E-7CC1-4103-B5EB-05055EBA7630}.Release|Any CPU.ActiveCfg = Release|Any CPU
		{0788E30E-7CC1-4103-B5EB-05055EBA7630}.Release|Any CPU.Build.0 = Release|Any CPU
	EndGlobalSection
	GlobalSection(SolutionProperties) = preSolution
		HideSolutionNode = FALSE
	EndGlobalSection
	GlobalSection(ExtensibilityGlobals) = postSolution
		SolutionGuid = {C5A87C58-A7B5-4E81-8ECC-7B58340604FC}
	EndGlobalSection
EndGlobal
