
Microsoft Visual Studio Solution File, Format Version 12.00
# Visual Studio Version 16
VisualStudioVersion = 16.0.810.20
MinimumVisualStudioVersion = 10.0.40219.1
Project("{FAE04EC0-301F-11D3-BF4B-00C04F79EFBC}") = "Task_1", "Task_1\Task_1.csproj", "{3283AA18-090D-4063-B50E-8BD550CB7F05}"
EndProject
Project("{FAE04EC0-301F-11D3-BF4B-00C04F79EFBC}") = "Task_2", "Task_2\Task_2.csproj", "{24DC386D-3C85-4A5E-A2D1-8E6B50B33C1A}"
EndProject
Global
	GlobalSection(SolutionConfigurationPlatforms) = preSolution
		Debug|Any CPU = Debug|Any CPU
		Release|Any CPU = Release|Any CPU
	EndGlobalSection
	GlobalSection(ProjectConfigurationPlatforms) = postSolution
		{3283AA18-090D-4063-B50E-8BD550CB7F05}.Debug|Any CPU.ActiveCfg = Debug|Any CPU
		{3283AA18-090D-4063-B50E-8BD550CB7F05}.Debug|Any CPU.Build.0 = Debug|Any CPU
		{3283AA18-090D-4063-B50E-8BD550CB7F05}.Release|Any CPU.ActiveCfg = Release|Any CPU
		{3283AA18-090D-4063-B50E-8BD550CB7F05}.Release|Any CPU.Build.0 = Release|Any CPU
		{24DC386D-3C85-4A5E-A2D1-8E6B50B33C1A}.Debug|Any CPU.ActiveCfg = Debug|Any CPU
		{24DC386D-3C85-4A5E-A2D1-8E6B50B33C1A}.Debug|Any CPU.Build.0 = Debug|Any CPU
		{24DC386D-3C85-4A5E-A2D1-8E6B50B33C1A}.Release|Any CPU.ActiveCfg = Release|Any CPU
		{24DC386D-3C85-4A5E-A2D1-8E6B50B33C1A}.Release|Any CPU.Build.0 = Release|Any CPU
	EndGlobalSection
	GlobalSection(SolutionProperties) = preSolution
		HideSolutionNode = FALSE
	EndGlobalSection
	GlobalSection(ExtensibilityGlobals) = postSolution
		SolutionGuid = {D87800DD-CE04-4786-BB6B-1F2BB08838B5}
	EndGlobalSection
EndGlobal
