
Microsoft Visual Studio Solution File, Format Version 12.00
# Visual Studio Version 17
VisualStudioVersion = 17.0.31912.275
MinimumVisualStudioVersion = 10.0.40219.1
Project("{FAE04EC0-301F-11D3-BF4B-00C04F79EFBC}") = "Task_1", "Task_1\Task_1.csproj", "{3DA1A0D3-C3DE-4519-A82C-2E62A020B29E}"
EndProject
Project("{FAE04EC0-301F-11D3-BF4B-00C04F79EFBC}") = "Task04Lib_Shape", "Task04Lib_Shape\Task04Lib_Shape.csproj", "{5F6DCDAA-BAAA-40F1-91D4-39532D3E4D9C}"
EndProject
Project("{FAE04EC0-301F-11D3-BF4B-00C04F79EFBC}") = "Task_2", "Task_2\Task_2.csproj", "{D5E0D4B0-374D-4E4B-8C4A-921CE5D88D3D}"
EndProject
Global
	GlobalSection(SolutionConfigurationPlatforms) = preSolution
		Debug|Any CPU = Debug|Any CPU
		Release|Any CPU = Release|Any CPU
	EndGlobalSection
	GlobalSection(ProjectConfigurationPlatforms) = postSolution
		{3DA1A0D3-C3DE-4519-A82C-2E62A020B29E}.Debug|Any CPU.ActiveCfg = Debug|Any CPU
		{3DA1A0D3-C3DE-4519-A82C-2E62A020B29E}.Debug|Any CPU.Build.0 = Debug|Any CPU
		{3DA1A0D3-C3DE-4519-A82C-2E62A020B29E}.Release|Any CPU.ActiveCfg = Release|Any CPU
		{3DA1A0D3-C3DE-4519-A82C-2E62A020B29E}.Release|Any CPU.Build.0 = Release|Any CPU
		{5F6DCDAA-BAAA-40F1-91D4-39532D3E4D9C}.Debug|Any CPU.ActiveCfg = Debug|Any CPU
		{5F6DCDAA-BAAA-40F1-91D4-39532D3E4D9C}.Debug|Any CPU.Build.0 = Debug|Any CPU
		{5F6DCDAA-BAAA-40F1-91D4-39532D3E4D9C}.Release|Any CPU.ActiveCfg = Release|Any CPU
		{5F6DCDAA-BAAA-40F1-91D4-39532D3E4D9C}.Release|Any CPU.Build.0 = Release|Any CPU
		{D5E0D4B0-374D-4E4B-8C4A-921CE5D88D3D}.Debug|Any CPU.ActiveCfg = Debug|Any CPU
		{D5E0D4B0-374D-4E4B-8C4A-921CE5D88D3D}.Debug|Any CPU.Build.0 = Debug|Any CPU
		{D5E0D4B0-374D-4E4B-8C4A-921CE5D88D3D}.Release|Any CPU.ActiveCfg = Release|Any CPU
		{D5E0D4B0-374D-4E4B-8C4A-921CE5D88D3D}.Release|Any CPU.Build.0 = Release|Any CPU
	EndGlobalSection
	GlobalSection(SolutionProperties) = preSolution
		HideSolutionNode = FALSE
	EndGlobalSection
	GlobalSection(ExtensibilityGlobals) = postSolution
		SolutionGuid = {EBB74B38-991F-4FBE-8935-FF1261FAC2D5}
	EndGlobalSection
EndGlobal
