
Microsoft Visual Studio Solution File, Format Version 12.00
# Visual Studio Version 16
VisualStudioVersion = 16.0.810.20
MinimumVisualStudioVersion = 10.0.40219.1
Project("{FAE04EC0-301F-11D3-BF4B-00C04F79EFBC}") = "Task_1", "Task_1\Task_1.csproj", "{EB4F665E-E62A-49E2-921B-C878B47A947B}"
EndProject
Project("{FAE04EC0-301F-11D3-BF4B-00C04F79EFBC}") = "Task_2", "Task_2\Task_2.csproj", "{C6150A87-046B-4783-8A8E-F6D7C126004B}"
EndProject
Project("{FAE04EC0-301F-11D3-BF4B-00C04F79EFBC}") = "Task_3", "Task_3\Task_3.csproj", "{DA436502-0B77-4C6C-883D-3B40A8D61143}"
EndProject
Global
	GlobalSection(SolutionConfigurationPlatforms) = preSolution
		Debug|Any CPU = Debug|Any CPU
		Release|Any CPU = Release|Any CPU
	EndGlobalSection
	GlobalSection(ProjectConfigurationPlatforms) = postSolution
		{EB4F665E-E62A-49E2-921B-C878B47A947B}.Debug|Any CPU.ActiveCfg = Debug|Any CPU
		{EB4F665E-E62A-49E2-921B-C878B47A947B}.Debug|Any CPU.Build.0 = Debug|Any CPU
		{EB4F665E-E62A-49E2-921B-C878B47A947B}.Release|Any CPU.ActiveCfg = Release|Any CPU
		{EB4F665E-E62A-49E2-921B-C878B47A947B}.Release|Any CPU.Build.0 = Release|Any CPU
		{C6150A87-046B-4783-8A8E-F6D7C126004B}.Debug|Any CPU.ActiveCfg = Debug|Any CPU
		{C6150A87-046B-4783-8A8E-F6D7C126004B}.Debug|Any CPU.Build.0 = Debug|Any CPU
		{C6150A87-046B-4783-8A8E-F6D7C126004B}.Release|Any CPU.ActiveCfg = Release|Any CPU
		{C6150A87-046B-4783-8A8E-F6D7C126004B}.Release|Any CPU.Build.0 = Release|Any CPU
		{DA436502-0B77-4C6C-883D-3B40A8D61143}.Debug|Any CPU.ActiveCfg = Debug|Any CPU
		{DA436502-0B77-4C6C-883D-3B40A8D61143}.Debug|Any CPU.Build.0 = Debug|Any CPU
		{DA436502-0B77-4C6C-883D-3B40A8D61143}.Release|Any CPU.ActiveCfg = Release|Any CPU
		{DA436502-0B77-4C6C-883D-3B40A8D61143}.Release|Any CPU.Build.0 = Release|Any CPU
	EndGlobalSection
	GlobalSection(SolutionProperties) = preSolution
		HideSolutionNode = FALSE
	EndGlobalSection
	GlobalSection(ExtensibilityGlobals) = postSolution
		SolutionGuid = {770DE8B2-C9E2-48DA-B3F9-5CFE558EA404}
	EndGlobalSection
EndGlobal
