
Microsoft Visual Studio Solution File, Format Version 12.00
Project("{FAE04EC0-301F-11D3-BF4B-00C04F79EFBC}") = "Task_1", "Task_1\Task_1.csproj", "{121E53D3-E09D-4B45-8A30-E2E0BA5B5626}"
EndProject
Project("{FAE04EC0-301F-11D3-BF4B-00C04F79EFBC}") = "Task_2", "Task_2\Task_2.csproj", "{C5CDA938-DE85-4498-A3F7-A67DF0D85E33}"
EndProject
Global
	GlobalSection(SolutionConfigurationPlatforms) = preSolution
		Debug|Any CPU = Debug|Any CPU
		Release|Any CPU = Release|Any CPU
	EndGlobalSection
	GlobalSection(ProjectConfigurationPlatforms) = postSolution
		{121E53D3-E09D-4B45-8A30-E2E0BA5B5626}.Debug|Any CPU.ActiveCfg = Debug|Any CPU
		{121E53D3-E09D-4B45-8A30-E2E0BA5B5626}.Debug|Any CPU.Build.0 = Debug|Any CPU
		{121E53D3-E09D-4B45-8A30-E2E0BA5B5626}.Release|Any CPU.ActiveCfg = Release|Any CPU
		{121E53D3-E09D-4B45-8A30-E2E0BA5B5626}.Release|Any CPU.Build.0 = Release|Any CPU
		{C5CDA938-DE85-4498-A3F7-A67DF0D85E33}.Debug|Any CPU.ActiveCfg = Debug|Any CPU
		{C5CDA938-DE85-4498-A3F7-A67DF0D85E33}.Debug|Any CPU.Build.0 = Debug|Any CPU
		{C5CDA938-DE85-4498-A3F7-A67DF0D85E33}.Release|Any CPU.ActiveCfg = Release|Any CPU
		{C5CDA938-DE85-4498-A3F7-A67DF0D85E33}.Release|Any CPU.Build.0 = Release|Any CPU
	EndGlobalSection
EndGlobal
