
Microsoft Visual Studio Solution File, Format Version 12.00
Project("{FAE04EC0-301F-11D3-BF4B-00C04F79EFBC}") = "Task_6", "Task_6\Task_6.csproj", "{0809F049-642E-48A4-A527-0D7EF98FF913}"
EndProject
Global
	GlobalSection(SolutionConfigurationPlatforms) = preSolution
		Debug|Any CPU = Debug|Any CPU
		Release|Any CPU = Release|Any CPU
	EndGlobalSection
	GlobalSection(ProjectConfigurationPlatforms) = postSolution
		{0809F049-642E-48A4-A527-0D7EF98FF913}.Debug|Any CPU.ActiveCfg = Debug|Any CPU
		{0809F049-642E-48A4-A527-0D7EF98FF913}.Debug|Any CPU.Build.0 = Debug|Any CPU
		{0809F049-642E-48A4-A527-0D7EF98FF913}.Release|Any CPU.ActiveCfg = Release|Any CPU
		{0809F049-642E-48A4-A527-0D7EF98FF913}.Release|Any CPU.Build.0 = Release|Any CPU
	EndGlobalSection
EndGlobal
