
Microsoft Visual Studio Solution File, Format Version 12.00
# Visual Studio Version 16
VisualStudioVersion = 16.0.30621.155
MinimumVisualStudioVersion = 10.0.40219.1
Project("{FAE04EC0-301F-11D3-BF4B-00C04F79EFBC}") = "Task_1", "test\Task_1.csproj", "{9274E23A-FB53-4928-9FC8-D61B06934D79}"
EndProject
Project("{FAE04EC0-301F-11D3-BF4B-00C04F79EFBC}") = "Task_2", "Task_2\Task_2.csproj", "{BAD70EA9-787C-4484-B48B-4F60745E20D1}"
EndProject
Project("{FAE04EC0-301F-11D3-BF4B-00C04F79EFBC}") = "Task_3", "Task_3\Task_3.csproj", "{3D0B3314-BBD5-4295-9413-17848CB5DF76}"
EndProject
Project("{FAE04EC0-301F-11D3-BF4B-00C04F79EFBC}") = "Task_4", "Task_4\Task_4.csproj", "{19DFFBF4-BC1B-43C0-924A-BDB260A6C2C3}"
EndProject
Project("{FAE04EC0-301F-11D3-BF4B-00C04F79EFBC}") = "Task_5", "Task_5\Task_5.csproj", "{5536644B-0E3E-4082-A889-A6BC9870DE3E}"
EndProject
Project("{FAE04EC0-301F-11D3-BF4B-00C04F79EFBC}") = "Task_8", "Task_8\Task_8.csproj", "{1F830032-E664-4C95-9E62-481DCBEA50C4}"
EndProject
Global
	GlobalSection(SolutionConfigurationPlatforms) = preSolution
		Debug|Any CPU = Debug|Any CPU
		Release|Any CPU = Release|Any CPU
	EndGlobalSection
	GlobalSection(ProjectConfigurationPlatforms) = postSolution
		{9274E23A-FB53-4928-9FC8-D61B06934D79}.Debug|Any CPU.ActiveCfg = Debug|Any CPU
		{9274E23A-FB53-4928-9FC8-D61B06934D79}.Debug|Any CPU.Build.0 = Debug|Any CPU
		{9274E23A-FB53-4928-9FC8-D61B06934D79}.Release|Any CPU.ActiveCfg = Release|Any CPU
		{9274E23A-FB53-4928-9FC8-D61B06934D79}.Release|Any CPU.Build.0 = Release|Any CPU
		{BAD70EA9-787C-4484-B48B-4F60745E20D1}.Debug|Any CPU.ActiveCfg = Debug|Any CPU
		{BAD70EA9-787C-4484-B48B-4F60745E20D1}.Debug|Any CPU.Build.0 = Debug|Any CPU
		{BAD70EA9-787C-4484-B48B-4F60745E20D1}.Release|Any CPU.ActiveCfg = Release|Any CPU
		{BAD70EA9-787C-4484-B48B-4F60745E20D1}.Release|Any CPU.Build.0 = Release|Any CPU
		{3D0B3314-BBD5-4295-9413-17848CB5DF76}.Debug|Any CPU.ActiveCfg = Debug|Any CPU
		{3D0B3314-BBD5-4295-9413-17848CB5DF76}.Debug|Any CPU.Build.0 = Debug|Any CPU
		{3D0B3314-BBD5-4295-9413-17848CB5DF76}.Release|Any CPU.ActiveCfg = Release|Any CPU
		{3D0B3314-BBD5-4295-9413-17848CB5DF76}.Release|Any CPU.Build.0 = Release|Any CPU
		{19DFFBF4-BC1B-43C0-924A-BDB260A6C2C3}.Debug|Any CPU.ActiveCfg = Debug|Any CPU
		{19DFFBF4-BC1B-43C0-924A-BDB260A6C2C3}.Debug|Any CPU.Build.0 = Debug|Any CPU
		{19DFFBF4-BC1B-43C0-924A-BDB260A6C2C3}.Release|Any CPU.ActiveCfg = Release|Any CPU
		{19DFFBF4-BC1B-43C0-924A-BDB260A6C2C3}.Release|Any CPU.Build.0 = Release|Any CPU
		{5536644B-0E3E-4082-A889-A6BC9870DE3E}.Debug|Any CPU.ActiveCfg = Debug|Any CPU
		{5536644B-0E3E-4082-A889-A6BC9870DE3E}.Debug|Any CPU.Build.0 = Debug|Any CPU
		{5536644B-0E3E-4082-A889-A6BC9870DE3E}.Release|Any CPU.ActiveCfg = Release|Any CPU
		{5536644B-0E3E-4082-A889-A6BC9870DE3E}.Release|Any CPU.Build.0 = Release|Any CPU
		{1F830032-E664-4C95-9E62-481DCBEA50C4}.Debug|Any CPU.ActiveCfg = Debug|Any CPU
		{1F830032-E664-4C95-9E62-481DCBEA50C4}.Debug|Any CPU.Build.0 = Debug|Any CPU
		{1F830032-E664-4C95-9E62-481DCBEA50C4}.Release|Any CPU.ActiveCfg = Release|Any CPU
		{1F830032-E664-4C95-9E62-481DCBEA50C4}.Release|Any CPU.Build.0 = Release|Any CPU
	EndGlobalSection
	GlobalSection(SolutionProperties) = preSolution
		HideSolutionNode = FALSE
	EndGlobalSection
	GlobalSection(ExtensibilityGlobals) = postSolution
		SolutionGuid = {B7ACA074-AEC6-482F-8BC2-C9DBF2D1DC3F}
	EndGlobalSection
EndGlobal
