
Microsoft Visual Studio Solution File, Format Version 12.00
Project("{FAE04EC0-301F-11D3-BF4B-00C04F79EFBC}") = "Task_1", "Task_1\Task_1.csproj", "{CC4A72F0-C81A-4757-A47E-5A5AFE004635}"
EndProject
Global
	GlobalSection(SolutionConfigurationPlatforms) = preSolution
		Debug|Any CPU = Debug|Any CPU
		Release|Any CPU = Release|Any CPU
	EndGlobalSection
	GlobalSection(ProjectConfigurationPlatforms) = postSolution
		{CC4A72F0-C81A-4757-A47E-5A5AFE004635}.Debug|Any CPU.ActiveCfg = Debug|Any CPU
		{CC4A72F0-C81A-4757-A47E-5A5AFE004635}.Debug|Any CPU.Build.0 = Debug|Any CPU
		{CC4A72F0-C81A-4757-A47E-5A5AFE004635}.Release|Any CPU.ActiveCfg = Release|Any CPU
		{CC4A72F0-C81A-4757-A47E-5A5AFE004635}.Release|Any CPU.Build.0 = Release|Any CPU
	EndGlobalSection
EndGlobal
