
Microsoft Visual Studio Solution File, Format Version 12.00
# Visual Studio Version 16
VisualStudioVersion = 16.0.30621.155
MinimumVisualStudioVersion = 10.0.40219.1
Project("{9A19103F-16F7-4668-BE54-9A1E7A4F7556}") = "Task_1", "Task_1\Task_1.csproj", "{1AD30823-AF50-4551-82A1-0D5A06C3912F}"
EndProject
Project("{9A19103F-16F7-4668-BE54-9A1E7A4F7556}") = "Task_2", "Task_2\Task_2.csproj", "{97DA5693-E89E-4475-97BA-8F2D1C3FA695}"
EndProject
Project("{9A19103F-16F7-4668-BE54-9A1E7A4F7556}") = "Task_3", "Task_3\Task_3.csproj", "{87354054-D765-41C0-B8A1-905EE8A44D3A}"
EndProject
Project("{FAE04EC0-301F-11D3-BF4B-00C04F79EFBC}") = "Task_4", "Task_4\Task_4.csproj", "{C3665B05-2987-498C-920D-8471E8561AB9}"
EndProject
Project("{FAE04EC0-301F-11D3-BF4B-00C04F79EFBC}") = "Task_5", "Task_5\Task_5.csproj", "{126C28B1-81FE-40A9-BD2C-948CF662D8A0}"
EndProject
Project("{FAE04EC0-301F-11D3-BF4B-00C04F79EFBC}") = "Task_6", "Task_6\Task_6.csproj", "{7072E9E0-C002-437D-808C-BC7135CE58D4}"
EndProject
Project("{FAE04EC0-301F-11D3-BF4B-00C04F79EFBC}") = "Task_7", "Task_7\Task_7.csproj", "{02819A51-7D7D-437E-8449-A556280E8B20}"
EndProject
Global
	GlobalSection(SolutionConfigurationPlatforms) = preSolution
		Debug|Any CPU = Debug|Any CPU
		Debug|x64 = Debug|x64
		Debug|x86 = Debug|x86
		Release|Any CPU = Release|Any CPU
		Release|x64 = Release|x64
		Release|x86 = Release|x86
	EndGlobalSection
	GlobalSection(ProjectConfigurationPlatforms) = postSolution
		{1AD30823-AF50-4551-82A1-0D5A06C3912F}.Debug|Any CPU.ActiveCfg = Debug|Any CPU
		{1AD30823-AF50-4551-82A1-0D5A06C3912F}.Debug|Any CPU.Build.0 = Debug|Any CPU
		{1AD30823-AF50-4551-82A1-0D5A06C3912F}.Debug|x64.ActiveCfg = Debug|Any CPU
		{1AD30823-AF50-4551-82A1-0D5A06C3912F}.Debug|x64.Build.0 = Debug|Any CPU
		{1AD30823-AF50-4551-82A1-0D5A06C3912F}.Debug|x86.ActiveCfg = Debug|Any CPU
		{1AD30823-AF50-4551-82A1-0D5A06C3912F}.Debug|x86.Build.0 = Debug|Any CPU
		{1AD30823-AF50-4551-82A1-0D5A06C3912F}.Release|Any CPU.ActiveCfg = Release|Any CPU
		{1AD30823-AF50-4551-82A1-0D5A06C3912F}.Release|Any CPU.Build.0 = Release|Any CPU
		{1AD30823-AF50-4551-82A1-0D5A06C3912F}.Release|x64.ActiveCfg = Release|Any CPU
		{1AD30823-AF50-4551-82A1-0D5A06C3912F}.Release|x64.Build.0 = Release|Any CPU
		{1AD30823-AF50-4551-82A1-0D5A06C3912F}.Release|x86.ActiveCfg = Release|Any CPU
		{1AD30823-AF50-4551-82A1-0D5A06C3912F}.Release|x86.Build.0 = Release|Any CPU
		{97DA5693-E89E-4475-97BA-8F2D1C3FA695}.Debug|Any CPU.ActiveCfg = Debug|Any CPU
		{97DA5693-E89E-4475-97BA-8F2D1C3FA695}.Debug|Any CPU.Build.0 = Debug|Any CPU
		{97DA5693-E89E-4475-97BA-8F2D1C3FA695}.Debug|x64.ActiveCfg = Debug|Any CPU
		{97DA5693-E89E-4475-97BA-8F2D1C3FA695}.Debug|x64.Build.0 = Debug|Any CPU
		{97DA5693-E89E-4475-97BA-8F2D1C3FA695}.Debug|x86.ActiveCfg = Debug|Any CPU
		{97DA5693-E89E-4475-97BA-8F2D1C3FA695}.Debug|x86.Build.0 = Debug|Any CPU
		{97DA5693-E89E-4475-97BA-8F2D1C3FA695}.Release|Any CPU.ActiveCfg = Release|Any CPU
		{97DA5693-E89E-4475-97BA-8F2D1C3FA695}.Release|Any CPU.Build.0 = Release|Any CPU
		{97DA5693-E89E-4475-97BA-8F2D1C3FA695}.Release|x64.ActiveCfg = Release|Any CPU
		{97DA5693-E89E-4475-97BA-8F2D1C3FA695}.Release|x64.Build.0 = Release|Any CPU
		{97DA5693-E89E-4475-97BA-8F2D1C3FA695}.Release|x86.ActiveCfg = Release|Any CPU
		{97DA5693-E89E-4475-97BA-8F2D1C3FA695}.Release|x86.Build.0 = Release|Any CPU
		{87354054-D765-41C0-B8A1-905EE8A44D3A}.Debug|Any CPU.ActiveCfg = Debug|Any CPU
		{87354054-D765-41C0-B8A1-905EE8A44D3A}.Debug|Any CPU.Build.0 = Debug|Any CPU
		{87354054-D765-41C0-B8A1-905EE8A44D3A}.Debug|x64.ActiveCfg = Debug|Any CPU
		{87354054-D765-41C0-B8A1-905EE8A44D3A}.Debug|x64.Build.0 = Debug|Any CPU
		{87354054-D765-41C0-B8A1-905EE8A44D3A}.Debug|x86.ActiveCfg = Debug|Any CPU
		{87354054-D765-41C0-B8A1-905EE8A44D3A}.Debug|x86.Build.0 = Debug|Any CPU
		{87354054-D765-41C0-B8A1-905EE8A44D3A}.Release|Any CPU.ActiveCfg = Release|Any CPU
		{87354054-D765-41C0-B8A1-905EE8A44D3A}.Release|Any CPU.Build.0 = Release|Any CPU
		{87354054-D765-41C0-B8A1-905EE8A44D3A}.Release|x64.ActiveCfg = Release|Any CPU
		{87354054-D765-41C0-B8A1-905EE8A44D3A}.Release|x64.Build.0 = Release|Any CPU
		{87354054-D765-41C0-B8A1-905EE8A44D3A}.Release|x86.ActiveCfg = Release|Any CPU
		{87354054-D765-41C0-B8A1-905EE8A44D3A}.Release|x86.Build.0 = Release|Any CPU
		{C3665B05-2987-498C-920D-8471E8561AB9}.Debug|Any CPU.ActiveCfg = Debug|Any CPU
		{C3665B05-2987-498C-920D-8471E8561AB9}.Debug|Any CPU.Build.0 = Debug|Any CPU
		{C3665B05-2987-498C-920D-8471E8561AB9}.Debug|x64.ActiveCfg = Debug|Any CPU
		{C3665B05-2987-498C-920D-8471E8561AB9}.Debug|x64.Build.0 = Debug|Any CPU
		{C3665B05-2987-498C-920D-8471E8561AB9}.Debug|x86.ActiveCfg = Debug|Any CPU
		{C3665B05-2987-498C-920D-8471E8561AB9}.Debug|x86.Build.0 = Debug|Any CPU
		{C3665B05-2987-498C-920D-8471E8561AB9}.Release|Any CPU.ActiveCfg = Release|Any CPU
		{C3665B05-2987-498C-920D-8471E8561AB9}.Release|Any CPU.Build.0 = Release|Any CPU
		{C3665B05-2987-498C-920D-8471E8561AB9}.Release|x64.ActiveCfg = Release|Any CPU
		{C3665B05-2987-498C-920D-8471E8561AB9}.Release|x64.Build.0 = Release|Any CPU
		{C3665B05-2987-498C-920D-8471E8561AB9}.Release|x86.ActiveCfg = Release|Any CPU
		{C3665B05-2987-498C-920D-8471E8561AB9}.Release|x86.Build.0 = Release|Any CPU
		{126C28B1-81FE-40A9-BD2C-948CF662D8A0}.Debug|Any CPU.ActiveCfg = Debug|Any CPU
		{126C28B1-81FE-40A9-BD2C-948CF662D8A0}.Debug|Any CPU.Build.0 = Debug|Any CPU
		{126C28B1-81FE-40A9-BD2C-948CF662D8A0}.Debug|x64.ActiveCfg = Debug|Any CPU
		{126C28B1-81FE-40A9-BD2C-948CF662D8A0}.Debug|x64.Build.0 = Debug|Any CPU
		{126C28B1-81FE-40A9-BD2C-948CF662D8A0}.Debug|x86.ActiveCfg = Debug|Any CPU
		{126C28B1-81FE-40A9-BD2C-948CF662D8A0}.Debug|x86.Build.0 = Debug|Any CPU
		{126C28B1-81FE-40A9-BD2C-948CF662D8A0}.Release|Any CPU.ActiveCfg = Release|Any CPU
		{126C28B1-81FE-40A9-BD2C-948CF662D8A0}.Release|Any CPU.Build.0 = Release|Any CPU
		{126C28B1-81FE-40A9-BD2C-948CF662D8A0}.Release|x64.ActiveCfg = Release|Any CPU
		{126C28B1-81FE-40A9-BD2C-948CF662D8A0}.Release|x64.Build.0 = Release|Any CPU
		{126C28B1-81FE-40A9-BD2C-948CF662D8A0}.Release|x86.ActiveCfg = Release|Any CPU
		{126C28B1-81FE-40A9-BD2C-948CF662D8A0}.Release|x86.Build.0 = Release|Any CPU
		{7072E9E0-C002-437D-808C-BC7135CE58D4}.Debug|Any CPU.ActiveCfg = Debug|Any CPU
		{7072E9E0-C002-437D-808C-BC7135CE58D4}.Debug|Any CPU.Build.0 = Debug|Any CPU
		{7072E9E0-C002-437D-808C-BC7135CE58D4}.Debug|x64.ActiveCfg = Debug|Any CPU
		{7072E9E0-C002-437D-808C-BC7135CE58D4}.Debug|x64.Build.0 = Debug|Any CPU
		{7072E9E0-C002-437D-808C-BC7135CE58D4}.Debug|x86.ActiveCfg = Debug|Any CPU
		{7072E9E0-C002-437D-808C-BC7135CE58D4}.Debug|x86.Build.0 = Debug|Any CPU
		{7072E9E0-C002-437D-808C-BC7135CE58D4}.Release|Any CPU.ActiveCfg = Release|Any CPU
		{7072E9E0-C002-437D-808C-BC7135CE58D4}.Release|Any CPU.Build.0 = Release|Any CPU
		{7072E9E0-C002-437D-808C-BC7135CE58D4}.Release|x64.ActiveCfg = Release|Any CPU
		{7072E9E0-C002-437D-808C-BC7135CE58D4}.Release|x64.Build.0 = Release|Any CPU
		{7072E9E0-C002-437D-808C-BC7135CE58D4}.Release|x86.ActiveCfg = Release|Any CPU
		{7072E9E0-C002-437D-808C-BC7135CE58D4}.Release|x86.Build.0 = Release|Any CPU
		{02819A51-7D7D-437E-8449-A556280E8B20}.Debug|Any CPU.ActiveCfg = Debug|Any CPU
		{02819A51-7D7D-437E-8449-A556280E8B20}.Debug|Any CPU.Build.0 = Debug|Any CPU
		{02819A51-7D7D-437E-8449-A556280E8B20}.Debug|x64.ActiveCfg = Debug|Any CPU
		{02819A51-7D7D-437E-8449-A556280E8B20}.Debug|x64.Build.0 = Debug|Any CPU
		{02819A51-7D7D-437E-8449-A556280E8B20}.Debug|x86.ActiveCfg = Debug|Any CPU
		{02819A51-7D7D-437E-8449-A556280E8B20}.Debug|x86.Build.0 = Debug|Any CPU
		{02819A51-7D7D-437E-8449-A556280E8B20}.Release|Any CPU.ActiveCfg = Release|Any CPU
		{02819A51-7D7D-437E-8449-A556280E8B20}.Release|Any CPU.Build.0 = Release|Any CPU
		{02819A51-7D7D-437E-8449-A556280E8B20}.Release|x64.ActiveCfg = Release|Any CPU
		{02819A51-7D7D-437E-8449-A556280E8B20}.Release|x64.Build.0 = Release|Any CPU
		{02819A51-7D7D-437E-8449-A556280E8B20}.Release|x86.ActiveCfg = Release|Any CPU
		{02819A51-7D7D-437E-8449-A556280E8B20}.Release|x86.Build.0 = Release|Any CPU
	EndGlobalSection
	GlobalSection(SolutionProperties) = preSolution
		HideSolutionNode = FALSE
	EndGlobalSection
	GlobalSection(ExtensibilityGlobals) = postSolution
		SolutionGuid = {EDCDEEE3-C834-4C3B-A150-09614FCAAB7E}
	EndGlobalSection
EndGlobal
