
Microsoft Visual Studio Solution File, Format Version 12.00
# Visual Studio Version 16
VisualStudioVersion = 16.0.810.20
MinimumVisualStudioVersion = 10.0.40219.1
Project("{FAE04EC0-301F-11D3-BF4B-00C04F79EFBC}") = "Task_1", "Task_1\Task_1.csproj", "{87EFE775-3744-4E2F-B1E1-5D5228814309}"
EndProject
Global
	GlobalSection(SolutionConfigurationPlatforms) = preSolution
		Debug|Any CPU = Debug|Any CPU
		Release|Any CPU = Release|Any CPU
	EndGlobalSection
	GlobalSection(ProjectConfigurationPlatforms) = postSolution
		{87EFE775-3744-4E2F-B1E1-5D5228814309}.Debug|Any CPU.ActiveCfg = Debug|Any CPU
		{87EFE775-3744-4E2F-B1E1-5D5228814309}.Debug|Any CPU.Build.0 = Debug|Any CPU
		{87EFE775-3744-4E2F-B1E1-5D5228814309}.Release|Any CPU.ActiveCfg = Release|Any CPU
		{87EFE775-3744-4E2F-B1E1-5D5228814309}.Release|Any CPU.Build.0 = Release|Any CPU
	EndGlobalSection
	GlobalSection(SolutionProperties) = preSolution
		HideSolutionNode = FALSE
	EndGlobalSection
	GlobalSection(ExtensibilityGlobals) = postSolution
		SolutionGuid = {3E5837D9-BB51-42DC-9FF5-64CB4C4C136E}
	EndGlobalSection
EndGlobal
