
Microsoft Visual Studio Solution File, Format Version 12.00
Project("{FAE04EC0-301F-11D3-BF4B-00C04F79EFBC}") = "Task_2", "Task_2\Task_2.csproj", "{FC6B9853-5E0F-442D-9B12-D1B68B89F269}"
EndProject
Global
	GlobalSection(SolutionConfigurationPlatforms) = preSolution
		Debug|Any CPU = Debug|Any CPU
		Release|Any CPU = Release|Any CPU
	EndGlobalSection
	GlobalSection(ProjectConfigurationPlatforms) = postSolution
		{FC6B9853-5E0F-442D-9B12-D1B68B89F269}.Debug|Any CPU.ActiveCfg = Debug|Any CPU
		{FC6B9853-5E0F-442D-9B12-D1B68B89F269}.Debug|Any CPU.Build.0 = Debug|Any CPU
		{FC6B9853-5E0F-442D-9B12-D1B68B89F269}.Release|Any CPU.ActiveCfg = Release|Any CPU
		{FC6B9853-5E0F-442D-9B12-D1B68B89F269}.Release|Any CPU.Build.0 = Release|Any CPU
	EndGlobalSection
EndGlobal
