
Microsoft Visual Studio Solution File, Format Version 12.00
# Visual Studio Version 17
VisualStudioVersion = 17.0.31912.275
MinimumVisualStudioVersion = 10.0.40219.1
Project("{FAE04EC0-301F-11D3-BF4B-00C04F79EFBC}") = "Task_1", "Task_1\Task_1.csproj", "{71C7BD5B-12E3-4EB8-BD4D-F9AA1077CDEF}"
EndProject
Global
	GlobalSection(SolutionConfigurationPlatforms) = preSolution
		Debug|Any CPU = Debug|Any CPU
		Release|Any CPU = Release|Any CPU
	EndGlobalSection
	GlobalSection(ProjectConfigurationPlatforms) = postSolution
		{71C7BD5B-12E3-4EB8-BD4D-F9AA1077CDEF}.Debug|Any CPU.ActiveCfg = Debug|Any CPU
		{71C7BD5B-12E3-4EB8-BD4D-F9AA1077CDEF}.Debug|Any CPU.Build.0 = Debug|Any CPU
		{71C7BD5B-12E3-4EB8-BD4D-F9AA1077CDEF}.Release|Any CPU.ActiveCfg = Release|Any CPU
		{71C7BD5B-12E3-4EB8-BD4D-F9AA1077CDEF}.Release|Any CPU.Build.0 = Release|Any CPU
	EndGlobalSection
	GlobalSection(SolutionProperties) = preSolution
		HideSolutionNode = FALSE
	EndGlobalSection
	GlobalSection(ExtensibilityGlobals) = postSolution
		SolutionGuid = {B811712C-62D7-46CF-837A-C20F1FD90AD5}
	EndGlobalSection
EndGlobal
