
Microsoft Visual Studio Solution File, Format Version 12.00
Project("{FAE04EC0-301F-11D3-BF4B-00C04F79EFBC}") = "Task_1", "Task_1\Task_1.csproj", "{DB4E84BC-21F1-4C64-AD52-97EC2A710978}"
EndProject
Project("{FAE04EC0-301F-11D3-BF4B-00C04F79EFBC}") = "Task_2", "Task_2\Task_2.csproj", "{75B192DC-024D-4157-9C81-5D79534A181E}"
EndProject
Global
	GlobalSection(SolutionConfigurationPlatforms) = preSolution
		Debug|Any CPU = Debug|Any CPU
		Release|Any CPU = Release|Any CPU
	EndGlobalSection
	GlobalSection(ProjectConfigurationPlatforms) = postSolution
		{DB4E84BC-21F1-4C64-AD52-97EC2A710978}.Debug|Any CPU.ActiveCfg = Debug|Any CPU
		{DB4E84BC-21F1-4C64-AD52-97EC2A710978}.Debug|Any CPU.Build.0 = Debug|Any CPU
		{DB4E84BC-21F1-4C64-AD52-97EC2A710978}.Release|Any CPU.ActiveCfg = Release|Any CPU
		{DB4E84BC-21F1-4C64-AD52-97EC2A710978}.Release|Any CPU.Build.0 = Release|Any CPU
		{75B192DC-024D-4157-9C81-5D79534A181E}.Debug|Any CPU.ActiveCfg = Debug|Any CPU
		{75B192DC-024D-4157-9C81-5D79534A181E}.Debug|Any CPU.Build.0 = Debug|Any CPU
		{75B192DC-024D-4157-9C81-5D79534A181E}.Release|Any CPU.ActiveCfg = Release|Any CPU
		{75B192DC-024D-4157-9C81-5D79534A181E}.Release|Any CPU.Build.0 = Release|Any CPU
	EndGlobalSection
EndGlobal
