
Microsoft Visual Studio Solution File, Format Version 12.00
# Visual Studio Version 16
VisualStudioVersion = 16.0.810.15
MinimumVisualStudioVersion = 10.0.40219.1
Project("{FAE04EC0-301F-11D3-BF4B-00C04F79EFBC}") = "Task_1", "Task_1\Task_1.csproj", "{C96C6523-046D-4F51-901A-2311DF35EFDC}"
EndProject
Global
	GlobalSection(SolutionConfigurationPlatforms) = preSolution
		Debug|Any CPU = Debug|Any CPU
		Release|Any CPU = Release|Any CPU
	EndGlobalSection
	GlobalSection(ProjectConfigurationPlatforms) = postSolution
		{C96C6523-046D-4F51-901A-2311DF35EFDC}.Debug|Any CPU.ActiveCfg = Debug|Any CPU
		{C96C6523-046D-4F51-901A-2311DF35EFDC}.Debug|Any CPU.Build.0 = Debug|Any CPU
		{C96C6523-046D-4F51-901A-2311DF35EFDC}.Release|Any CPU.ActiveCfg = Release|Any CPU
		{C96C6523-046D-4F51-901A-2311DF35EFDC}.Release|Any CPU.Build.0 = Release|Any CPU
	EndGlobalSection
	GlobalSection(SolutionProperties) = preSolution
		HideSolutionNode = FALSE
	EndGlobalSection
	GlobalSection(ExtensibilityGlobals) = postSolution
		SolutionGuid = {FCDF9D0E-CA1D-4BC8-8216-647D512620CC}
	EndGlobalSection
EndGlobal
