
Microsoft Visual Studio Solution File, Format Version 12.00
# Visual Studio Version 16
VisualStudioVersion = 16.0.810.20
MinimumVisualStudioVersion = 10.0.40219.1
Project("{FAE04EC0-301F-11D3-BF4B-00C04F79EFBC}") = "Task_1", "Task_1\Task_1.csproj", "{9BA65300-2B44-4137-A4BF-6557EB80B867}"
EndProject
Project("{FAE04EC0-301F-11D3-BF4B-00C04F79EFBC}") = "Task_2", "Task_2\Task_2.csproj", "{8C5BB8C4-21A6-44AD-A27C-B6C72E933A37}"
EndProject
Global
	GlobalSection(SolutionConfigurationPlatforms) = preSolution
		Debug|Any CPU = Debug|Any CPU
		Release|Any CPU = Release|Any CPU
	EndGlobalSection
	GlobalSection(ProjectConfigurationPlatforms) = postSolution
		{9BA65300-2B44-4137-A4BF-6557EB80B867}.Debug|Any CPU.ActiveCfg = Debug|Any CPU
		{9BA65300-2B44-4137-A4BF-6557EB80B867}.Debug|Any CPU.Build.0 = Debug|Any CPU
		{9BA65300-2B44-4137-A4BF-6557EB80B867}.Release|Any CPU.ActiveCfg = Release|Any CPU
		{9BA65300-2B44-4137-A4BF-6557EB80B867}.Release|Any CPU.Build.0 = Release|Any CPU
		{8C5BB8C4-21A6-44AD-A27C-B6C72E933A37}.Debug|Any CPU.ActiveCfg = Debug|Any CPU
		{8C5BB8C4-21A6-44AD-A27C-B6C72E933A37}.Debug|Any CPU.Build.0 = Debug|Any CPU
		{8C5BB8C4-21A6-44AD-A27C-B6C72E933A37}.Release|Any CPU.ActiveCfg = Release|Any CPU
		{8C5BB8C4-21A6-44AD-A27C-B6C72E933A37}.Release|Any CPU.Build.0 = Release|Any CPU
	EndGlobalSection
	GlobalSection(SolutionProperties) = preSolution
		HideSolutionNode = FALSE
	EndGlobalSection
	GlobalSection(ExtensibilityGlobals) = postSolution
		SolutionGuid = {D71D30D0-B65B-42C5-A81B-3A9F968F9D91}
	EndGlobalSection
EndGlobal
